
Microsoft Visual Studio Solution File, Format Version 12.00
# Visual Studio 14
VisualStudioVersion = 14.0.25420.1
MinimumVisualStudioVersion = 10.0.40219.1
Project("{FAE04EC0-301F-11D3-BF4B-00C04F79EFBC}") = "PhanTanDat-b4-b2", "PhanTanDat-b4-b2\PhanTanDat-b4-b2.csproj", "{C2BA1707-DA86-444C-B944-DE26F1C63177}"
EndProject
Project("{FAE04EC0-301F-11D3-BF4B-00C04F79EFBC}") = "PhanTanDat-b4-b4-Client", "PhanTanDat-b4-b4-Client\PhanTanDat-b4-b4-Client.csproj", "{3F83E5A8-B03E-4F0E-969C-8001E9CEEB42}"
EndProject
Project("{FAE04EC0-301F-11D3-BF4B-00C04F79EFBC}") = "PhanTanDat-b4-b4-Server", "PhanTanDat-b4-b4-Server\PhanTanDat-b4-b4-Server.csproj", "{76581A3E-EE7C-4C5C-BC21-2E0A0553850A}"
EndProject
Project("{FAE04EC0-301F-11D3-BF4B-00C04F79EFBC}") = "PhanTanDat-b4-b3", "PhanTanDat-b4-b3\PhanTanDat-b4-b3.csproj", "{9CF7514C-D210-4F61-BC0A-337BDCBE1D10}"
EndProject
Global
	GlobalSection(SolutionConfigurationPlatforms) = preSolution
		Debug|Any CPU = Debug|Any CPU
		Release|Any CPU = Release|Any CPU
	EndGlobalSection
	GlobalSection(ProjectConfigurationPlatforms) = postSolution
		{C2BA1707-DA86-444C-B944-DE26F1C63177}.Debug|Any CPU.ActiveCfg = Debug|Any CPU
		{C2BA1707-DA86-444C-B944-DE26F1C63177}.Debug|Any CPU.Build.0 = Debug|Any CPU
		{C2BA1707-DA86-444C-B944-DE26F1C63177}.Release|Any CPU.ActiveCfg = Release|Any CPU
		{C2BA1707-DA86-444C-B944-DE26F1C63177}.Release|Any CPU.Build.0 = Release|Any CPU
		{3F83E5A8-B03E-4F0E-969C-8001E9CEEB42}.Debug|Any CPU.ActiveCfg = Debug|Any CPU
		{3F83E5A8-B03E-4F0E-969C-8001E9CEEB42}.Debug|Any CPU.Build.0 = Debug|Any CPU
		{3F83E5A8-B03E-4F0E-969C-8001E9CEEB42}.Release|Any CPU.ActiveCfg = Release|Any CPU
		{3F83E5A8-B03E-4F0E-969C-8001E9CEEB42}.Release|Any CPU.Build.0 = Release|Any CPU
		{76581A3E-EE7C-4C5C-BC21-2E0A0553850A}.Debug|Any CPU.ActiveCfg = Debug|Any CPU
		{76581A3E-EE7C-4C5C-BC21-2E0A0553850A}.Debug|Any CPU.Build.0 = Debug|Any CPU
		{76581A3E-EE7C-4C5C-BC21-2E0A0553850A}.Release|Any CPU.ActiveCfg = Release|Any CPU
		{76581A3E-EE7C-4C5C-BC21-2E0A0553850A}.Release|Any CPU.Build.0 = Release|Any CPU
		{9CF7514C-D210-4F61-BC0A-337BDCBE1D10}.Debug|Any CPU.ActiveCfg = Debug|Any CPU
		{9CF7514C-D210-4F61-BC0A-337BDCBE1D10}.Debug|Any CPU.Build.0 = Debug|Any CPU
		{9CF7514C-D210-4F61-BC0A-337BDCBE1D10}.Release|Any CPU.ActiveCfg = Release|Any CPU
		{9CF7514C-D210-4F61-BC0A-337BDCBE1D10}.Release|Any CPU.Build.0 = Release|Any CPU
	EndGlobalSection
	GlobalSection(SolutionProperties) = preSolution
		HideSolutionNode = FALSE
	EndGlobalSection
EndGlobal
